
Microsoft Visual Studio Solution File, Format Version 12.00
# Visual Studio Version 17
VisualStudioVersion = 17.11.35312.102
MinimumVisualStudioVersion = 10.0.40219.1
Project("{FAE04EC0-301F-11D3-BF4B-00C04F79EFBC}") = "p50-8-22", "p50-8-22\p50-8-22.csproj", "{CA9CCCED-337B-43C3-AC60-0F0D0E4048DF}"
EndProject
Global
	GlobalSection(SolutionConfigurationPlatforms) = preSolution
		Debug|Any CPU = Debug|Any CPU
		Release|Any CPU = Release|Any CPU
	EndGlobalSection
	GlobalSection(ProjectConfigurationPlatforms) = postSolution
		{CA9CCCED-337B-43C3-AC60-0F0D0E4048DF}.Debug|Any CPU.ActiveCfg = Debug|Any CPU
		{CA9CCCED-337B-43C3-AC60-0F0D0E4048DF}.Debug|Any CPU.Build.0 = Debug|Any CPU
		{CA9CCCED-337B-43C3-AC60-0F0D0E4048DF}.Release|Any CPU.ActiveCfg = Release|Any CPU
		{CA9CCCED-337B-43C3-AC60-0F0D0E4048DF}.Release|Any CPU.Build.0 = Release|Any CPU
	EndGlobalSection
	GlobalSection(SolutionProperties) = preSolution
		HideSolutionNode = FALSE
	EndGlobalSection
	GlobalSection(ExtensibilityGlobals) = postSolution
		SolutionGuid = {2E018DE2-CF74-45EA-835F-9F8FA8AB4EDC}
	EndGlobalSection
EndGlobal
